
Microsoft Visual Studio Solution File, Format Version 12.00
# Visual Studio Version 17
VisualStudioVersion = 17.9.34607.119
MinimumVisualStudioVersion = 10.0.40219.1
Project("{FAE04EC0-301F-11D3-BF4B-00C04F79EFBC}") = "Pokedex", "Pokedex\Pokedex.csproj", "{96EA8233-1321-44BB-9C2B-7A8B60E5924B}"
EndProject
Global
	GlobalSection(SolutionConfigurationPlatforms) = preSolution
		Debug|Any CPU = Debug|Any CPU
		Release|Any CPU = Release|Any CPU
	EndGlobalSection
	GlobalSection(ProjectConfigurationPlatforms) = postSolution
		{96EA8233-1321-44BB-9C2B-7A8B60E5924B}.Debug|Any CPU.ActiveCfg = Debug|Any CPU
		{96EA8233-1321-44BB-9C2B-7A8B60E5924B}.Debug|Any CPU.Build.0 = Debug|Any CPU
		{96EA8233-1321-44BB-9C2B-7A8B60E5924B}.Release|Any CPU.ActiveCfg = Release|Any CPU
		{96EA8233-1321-44BB-9C2B-7A8B60E5924B}.Release|Any CPU.Build.0 = Release|Any CPU
	EndGlobalSection
	GlobalSection(SolutionProperties) = preSolution
		HideSolutionNode = FALSE
	EndGlobalSection
	GlobalSection(ExtensibilityGlobals) = postSolution
		SolutionGuid = {367FA3F0-6918-488E-939B-9E4A8DDE3730}
	EndGlobalSection
EndGlobal
